// !$*UTF8*$!
{
	archiveVersion = 1;
	classes = {
	};
	objectVersion = 46;
	objects = {

/* Begin PBXBuildFile section */
		03CE1FAA4D244468BCF5169C /* IonicKeyboard.m in Sources */ = {isa = PBXBuildFile; fileRef = 555F50CACDB4430D9CF9FD36 /* IonicKeyboard.m */; };
		04A759E699A54722A579A7C6 /* CoreText.framework in Frameworks */ = {isa = PBXBuildFile; fileRef = E1A0C7E298B94B37894CA80B /* CoreText.framework */; };
		10412D1390EB4FC4BDEE71E0 /* MessageUI.framework in Frameworks */ = {isa = PBXBuildFile; fileRef = 7E2863882ED445FEBF3E808C /* MessageUI.framework */; settings = {ATTRIBUTES = (Weak, ); }; };
		106F2B6577C44C63ABD66E53 /* libGTM_StringEncoding.a in Frameworks */ = {isa = PBXBuildFile; fileRef = 73327BCC0E284ED8BFCBA1F9 /* libGTM_StringEncoding.a */; };
		163AC21521A64D869AE28ADC /* HockeySDK.xcconfig in Resources */ = {isa = PBXBuildFile; fileRef = 5EEDB54EC3444C33BD69E087 /* HockeySDK.xcconfig */; };
		1D3623260D0F684500981E51 /* AppDelegate.m in Sources */ = {isa = PBXBuildFile; fileRef = 1D3623250D0F684500981E51 /* AppDelegate.m */; };
		1D60589B0D05DD56006BFB54 /* main.m in Sources */ = {isa = PBXBuildFile; fileRef = 29B97316FDCFA39411CA2CEA /* main.m */; };
		1F9D6A5FB16847A8B1768B72 /* CDVDevice.m in Sources */ = {isa = PBXBuildFile; fileRef = A553C78BFD5B44B39FF39DA9 /* CDVDevice.m */; };
		288765FD0DF74451002DB57D /* CoreGraphics.framework in Frameworks */ = {isa = PBXBuildFile; fileRef = 288765FC0DF74451002DB57D /* CoreGraphics.framework */; };
		301BF552109A68D80062928A /* libCordova.a in Frameworks */ = {isa = PBXBuildFile; fileRef = 301BF535109A57CC0062928A /* libCordova.a */; };
		302D95F114D2391D003F00A1 /* MainViewController.m in Sources */ = {isa = PBXBuildFile; fileRef = 302D95EF14D2391D003F00A1 /* MainViewController.m */; };
		302D95F214D2391D003F00A1 /* MainViewController.xib in Resources */ = {isa = PBXBuildFile; fileRef = 302D95F014D2391D003F00A1 /* MainViewController.xib */; };
		305D5FD1115AB8F900A74A75 /* MobileCoreServices.framework in Frameworks */ = {isa = PBXBuildFile; fileRef = 305D5FD0115AB8F900A74A75 /* MobileCoreServices.framework */; };
		3088BBBD154F3926009F9C59 /* Default-Landscape@2x~ipad.png in Resources */ = {isa = PBXBuildFile; fileRef = 3088BBB7154F3926009F9C59 /* Default-Landscape@2x~ipad.png */; };
		3088BBBE154F3926009F9C59 /* Default-Landscape~ipad.png in Resources */ = {isa = PBXBuildFile; fileRef = 3088BBB8154F3926009F9C59 /* Default-Landscape~ipad.png */; };
		3088BBBF154F3926009F9C59 /* Default-Portrait@2x~ipad.png in Resources */ = {isa = PBXBuildFile; fileRef = 3088BBB9154F3926009F9C59 /* Default-Portrait@2x~ipad.png */; };
		3088BBC0154F3926009F9C59 /* Default-Portrait~ipad.png in Resources */ = {isa = PBXBuildFile; fileRef = 3088BBBA154F3926009F9C59 /* Default-Portrait~ipad.png */; };
		3088BBC1154F3926009F9C59 /* Default@2x~iphone.png in Resources */ = {isa = PBXBuildFile; fileRef = 3088BBBB154F3926009F9C59 /* Default@2x~iphone.png */; };
		3088BBC2154F3926009F9C59 /* Default~iphone.png in Resources */ = {isa = PBXBuildFile; fileRef = 3088BBBC154F3926009F9C59 /* Default~iphone.png */; };
		308D05371370CCF300D202BF /* icon-72.png in Resources */ = {isa = PBXBuildFile; fileRef = 308D052E1370CCF300D202BF /* icon-72.png */; };
		308D05381370CCF300D202BF /* icon.png in Resources */ = {isa = PBXBuildFile; fileRef = 308D052F1370CCF300D202BF /* icon.png */; };
		308D05391370CCF300D202BF /* icon@2x.png in Resources */ = {isa = PBXBuildFile; fileRef = 308D05301370CCF300D202BF /* icon@2x.png */; };
		30A5668EA5C74ADB8F1B1CE6 /* libGGLCloudMessaging.a in Frameworks */ = {isa = PBXBuildFile; fileRef = DAFC6FBD788644A3BC2C0AD2 /* libGGLCloudMessaging.a */; };
		30B4F30019D5E07200D9F7D8 /* Default-667h.png in Resources */ = {isa = PBXBuildFile; fileRef = 30B4F2FD19D5E07200D9F7D8 /* Default-667h.png */; };
		30B4F30119D5E07200D9F7D8 /* Default-736h.png in Resources */ = {isa = PBXBuildFile; fileRef = 30B4F2FE19D5E07200D9F7D8 /* Default-736h.png */; };
		30B4F30219D5E07200D9F7D8 /* Default-Landscape-736h.png in Resources */ = {isa = PBXBuildFile; fileRef = 30B4F2FF19D5E07200D9F7D8 /* Default-Landscape-736h.png */; };
		30C1856619D5FC0A00212699 /* icon-60@3x.png in Resources */ = {isa = PBXBuildFile; fileRef = 30C1856519D5FC0A00212699 /* icon-60@3x.png */; };
		30FC414916E50CA1004E6F35 /* icon-72@2x.png in Resources */ = {isa = PBXBuildFile; fileRef = 30FC414816E50CA1004E6F35 /* icon-72@2x.png */; };
		3109C228C5854DADB4F22E18 /* QuartzCore.framework in Frameworks */ = {isa = PBXBuildFile; fileRef = A3C169CABEA34171A53C07AE /* QuartzCore.framework */; };
		3414DA310C494D89ACFF2D24 /* libGTM_SystemVersion.a in Frameworks */ = {isa = PBXBuildFile; fileRef = CAE4DA3509894ED78996C32A /* libGTM_SystemVersion.a */; };
		3A3980DB5BA24C15B66FE212 /* libProtocolBuffers.a in Frameworks */ = {isa = PBXBuildFile; fileRef = 9BCAF0D1927A4658B00538BE /* libProtocolBuffers.a */; };
		3CFDE45A196A46BFB41AA195 /* CDVStatusBar.m in Sources */ = {isa = PBXBuildFile; fileRef = D864A3F0BC10446B97A27D55 /* CDVStatusBar.m */; };
		4350667C679240EA8FC55915 /* Security.framework in Frameworks */ = {isa = PBXBuildFile; fileRef = C60B693DBFB9430787C1B0A6 /* Security.framework */; };
		441393068C794CA3B2FBEC58 /* QuickLook.framework in Frameworks */ = {isa = PBXBuildFile; fileRef = 551CCE443F3E46A1BB27AE39 /* QuickLook.framework */; };
		46A58015A0B94CB4B2490BFD /* libz.tbd in Frameworks */ = {isa = PBXBuildFile; fileRef = 1B4F3C6A87C142439C49134D /* libz.tbd */; };
		4E87423F56B648EB94794710 /* HockeySDK.framework in Frameworks */ = {isa = PBXBuildFile; fileRef = 316D422DF54142C2A34CA19F /* HockeySDK.framework */; };
		50460853BA3346D2B2AAC583 /* CDVConnection.m in Sources */ = {isa = PBXBuildFile; fileRef = 49DD73CF57544B62A1C449F6 /* CDVConnection.m */; };
		54B65AB1DCAB48FE938825C5 /* HockeyApp.m in Sources */ = {isa = PBXBuildFile; fileRef = DF1F14A14DF8408492BFF1E6 /* HockeyApp.m */; };
		560BCA183C8447B6978EFAB2 /* AddressBook.framework in Frameworks */ = {isa = PBXBuildFile; fileRef = 06D1868D8866415AB83D2F24 /* AddressBook.framework */; };
		56400F878F9F4B55A37F920C /* libGTMSessionFetcher_core.a in Frameworks */ = {isa = PBXBuildFile; fileRef = EEA0F991BD9147BCBEDB5E9D /* libGTMSessionFetcher_core.a */; };
		5B1594DD16A7569C00FEF299 /* AssetsLibrary.framework in Frameworks */ = {isa = PBXBuildFile; fileRef = 5B1594DC16A7569C00FEF299 /* AssetsLibrary.framework */; };
		5CC9512653A0472BAE7D9A80 /* libc++.dylib in Frameworks */ = {isa = PBXBuildFile; fileRef = F5FFEB716D6F459B8D0D3859 /* libc++.dylib */; };
		6BFAC70AE8434A739B07C6FE /* UIKit.framework in Frameworks */ = {isa = PBXBuildFile; fileRef = DE26862EDE3F4B8FB9E784C3 /* UIKit.framework */; };
		6CB103169930457494982460 /* libstdc++.dylib in Frameworks */ = {isa = PBXBuildFile; fileRef = 43B6DD1BCFD64D12928E5DB9 /* libstdc++.dylib */; };
		6D8C0CA7CBE347AEB5C99575 /* libGTM_iPhone.a in Frameworks */ = {isa = PBXBuildFile; fileRef = 232C2CC9AEF744949CAFB10A /* libGTM_iPhone.a */; };
		6EA74EC22FC548FB8446431D /* SocialSharing.m in Sources */ = {isa = PBXBuildFile; fileRef = 2FFF29F554544128A2F55B99 /* SocialSharing.m */; };
		7010245C0A774D80B05B53DB /* libGTM_NSScannerJSON.a in Frameworks */ = {isa = PBXBuildFile; fileRef = 5578CCBED06E4FC5A41F4D01 /* libGTM_NSScannerJSON.a */; };
		708AFDAB5D954F83820C5BF0 /* libGSDK_Overload.a in Frameworks */ = {isa = PBXBuildFile; fileRef = 37FA485B60524B8BBE09BE97 /* libGSDK_Overload.a */; };
		7218445B39E949CE8173CE1B /* libGTM_KVO.a in Frameworks */ = {isa = PBXBuildFile; fileRef = F9D7D783A6C34493BBF75576 /* libGTM_KVO.a */; };
		72EC49C10A574D6BBAB12252 /* HockeySDKResources.bundle in Resources */ = {isa = PBXBuildFile; fileRef = E1C16A44E5974E2C90B5397B /* HockeySDKResources.bundle */; };
		77DF12D2A47A4E73B0AD4E8C /* libsqlite3.tbd in Frameworks */ = {isa = PBXBuildFile; fileRef = 378486A83C234706BC0B2E62 /* libsqlite3.tbd */; };
		7E7966DE1810823500FA85AD /* icon-40.png in Resources */ = {isa = PBXBuildFile; fileRef = 7E7966D41810823500FA85AD /* icon-40.png */; };
		7E7966DF1810823500FA85AD /* icon-40@2x.png in Resources */ = {isa = PBXBuildFile; fileRef = 7E7966D51810823500FA85AD /* icon-40@2x.png */; };
		7E7966E01810823500FA85AD /* icon-50.png in Resources */ = {isa = PBXBuildFile; fileRef = 7E7966D61810823500FA85AD /* icon-50.png */; };
		7E7966E11810823500FA85AD /* icon-50@2x.png in Resources */ = {isa = PBXBuildFile; fileRef = 7E7966D71810823500FA85AD /* icon-50@2x.png */; };
		7E7966E21810823500FA85AD /* icon-60.png in Resources */ = {isa = PBXBuildFile; fileRef = 7E7966D81810823500FA85AD /* icon-60.png */; };
		7E7966E31810823500FA85AD /* icon-60@2x.png in Resources */ = {isa = PBXBuildFile; fileRef = 7E7966D91810823500FA85AD /* icon-60@2x.png */; };
		7E7966E41810823500FA85AD /* icon-76.png in Resources */ = {isa = PBXBuildFile; fileRef = 7E7966DA1810823500FA85AD /* icon-76.png */; };
		7E7966E51810823500FA85AD /* icon-76@2x.png in Resources */ = {isa = PBXBuildFile; fileRef = 7E7966DB1810823500FA85AD /* icon-76@2x.png */; };
		7E7966E61810823500FA85AD /* icon-small.png in Resources */ = {isa = PBXBuildFile; fileRef = 7E7966DC1810823500FA85AD /* icon-small.png */; };
		7E7966E71810823500FA85AD /* icon-small@2x.png in Resources */ = {isa = PBXBuildFile; fileRef = 7E7966DD1810823500FA85AD /* icon-small@2x.png */; };
		80F8F649F33742A4A7E073A9 /* libGGLInstanceIDLib.a in Frameworks */ = {isa = PBXBuildFile; fileRef = 2469E0DD914C4019B1940EF4 /* libGGLInstanceIDLib.a */; };
		81173B91B2F7456D825E3F89 /* PushPlugin.m in Sources */ = {isa = PBXBuildFile; fileRef = AB8F3655F2F24C548909C17D /* PushPlugin.m */; };
		8901F31A702F4484BC0AB43D /* libGTMStackTrace.a in Frameworks */ = {isa = PBXBuildFile; fileRef = D2932A75612B4D34B003E9A0 /* libGTMStackTrace.a */; };
		9228E6294FFF436491772FE1 /* libGTM_UIFont+LineHeight.a in Frameworks */ = {isa = PBXBuildFile; fileRef = 83B8054F99214CAB89483FDA /* libGTM_UIFont+LineHeight.a */; };
		9666AABDAEA44E8CA04B7686 /* SystemConfiguration.framework in Frameworks */ = {isa = PBXBuildFile; fileRef = CE8E8662F88B4F3EB588D805 /* SystemConfiguration.framework */; };
		9AB10048E95248C0853E52A4 /* Social.framework in Frameworks */ = {isa = PBXBuildFile; fileRef = 8BC274B0A908416181367DA9 /* Social.framework */; settings = {ATTRIBUTES = (Weak, ); }; };
		9C6214E06BAC42AB89582E33 /* libGTMSessionFetcher_full.a in Frameworks */ = {isa = PBXBuildFile; fileRef = 86A2BD3816B24409BE754AEA /* libGTMSessionFetcher_full.a */; };
		A5933F20C4164C76812BE4B2 /* libGTM_NSStringHTML.a in Frameworks */ = {isa = PBXBuildFile; fileRef = 36077D7C985B4CF5AD057873 /* libGTM_NSStringHTML.a */; };
		A85DE71F7D684D18963BDF3D /* libGTM_AddressBook.a in Frameworks */ = {isa = PBXBuildFile; fileRef = 33C2DFCB752040C795C017A8 /* libGTM_AddressBook.a */; };
		B09061E421794673867F9770 /* libGTM_NSDictionary+URLArguments.a in Frameworks */ = {isa = PBXBuildFile; fileRef = 9988300CF568458AACBBE3A4 /* libGTM_NSDictionary+URLArguments.a */; };
		B599084F5F3A42CC821A67D3 /* libGTM_Regex.a in Frameworks */ = {isa = PBXBuildFile; fileRef = D6EC35D9B92D4EECA068F744 /* libGTM_Regex.a */; };
		B82B598050F94801A9E7F086 /* CDVSpinnerDialog.m in Sources */ = {isa = PBXBuildFile; fileRef = 3042971603374ED0AAC38C73 /* CDVSpinnerDialog.m */; };
		C0A78D8FC29D443AABB3688E /* CDVReachability.m in Sources */ = {isa = PBXBuildFile; fileRef = 6228DDB0DB2D4B3CB35CF7BD /* CDVReachability.m */; };
		C19E2C682013410A812996F4 /* libGTM_RoundedRectPath.a in Frameworks */ = {isa = PBXBuildFile; fileRef = B4655C73D2824C9D9184EA59 /* libGTM_RoundedRectPath.a */; };
		C26097178E134EEA9035F8EE /* Foundation.framework in Frameworks */ = {isa = PBXBuildFile; fileRef = 7947DBF027F24BC79BE1BD3F /* Foundation.framework */; };
		C299073F1371407A81F50F93 /* libGTM_NSData+zlib.a in Frameworks */ = {isa = PBXBuildFile; fileRef = 4E7207ED0C584C9D83879825 /* libGTM_NSData+zlib.a */; };
		C48833D298014BE082E94FEF /* libGTM_NSStringXML.a in Frameworks */ = {isa = PBXBuildFile; fileRef = A0163F7CD26C4DDFA71AE412 /* libGTM_NSStringXML.a */; };
		C6A7BEAD0E1E45849782E900 /* libGIP_Reachability.a in Frameworks */ = {isa = PBXBuildFile; fileRef = F2FA24E8118C4D7EA2AD7607 /* libGIP_Reachability.a */; };
		C6B53FCB8DAE4C77A864B354 /* CDVInAppBrowser.m in Sources */ = {isa = PBXBuildFile; fileRef = D56138D3A31B4E7EB58C4592 /* CDVInAppBrowser.m */; };
		C841F20C229A4F398FBC35BE /* AppDelegate+notification.m in Sources */ = {isa = PBXBuildFile; fileRef = E7A6550C8A0545259B2C19C7 /* AppDelegate+notification.m */; };
		CAFFFD12FE694488A3605821 /* UIWebViewExtension.m in Sources */ = {isa = PBXBuildFile; fileRef = 837DD1E2544347B0B994F84A /* UIWebViewExtension.m */; };
		CC3899CC3ACE4DF3AE3A78A4 /* libGTM_DebugUtils.a in Frameworks */ = {isa = PBXBuildFile; fileRef = DBD9E6DBF3DF47018FD8C91F /* libGTM_DebugUtils.a */; };
		D30E504645684F6D95836153 /* libGTM_core.a in Frameworks */ = {isa = PBXBuildFile; fileRef = 5F8A84863F7F4801A2995A2D /* libGTM_core.a */; };
		D4A0D8761607E02300AEF8BB /* Default-568h@2x~iphone.png in Resources */ = {isa = PBXBuildFile; fileRef = D4A0D8751607E02300AEF8BB /* Default-568h@2x~iphone.png */; };
		E1C3BFCFF18845258D507871 /* libGcmLib.a in Frameworks */ = {isa = PBXBuildFile; fileRef = 968D3107E86B495F85E5D4B5 /* libGcmLib.a */; };
		E5EC12AFCFAB4E43912DDF4D /* libGTM_GTMURLBuilder.a in Frameworks */ = {isa = PBXBuildFile; fileRef = C7D7B51F3D994DC4A6726024 /* libGTM_GTMURLBuilder.a */; };
		FBD1E87017E04F03BECB8113 /* libGGLCore.a in Frameworks */ = {isa = PBXBuildFile; fileRef = 35FDAA3B23C2451FB7955B12 /* libGGLCore.a */; };
/* End PBXBuildFile section */

/* Begin PBXContainerItemProxy section */
		301BF534109A57CC0062928A /* PBXContainerItemProxy */ = {
			isa = PBXContainerItemProxy;
			containerPortal = 301BF52D109A57CC0062928A /* CordovaLib.xcodeproj */;
			proxyType = 2;
			remoteGlobalIDString = D2AAC07E0554694100DB518D;
			remoteInfo = CordovaLib;
		};
		301BF550109A68C00062928A /* PBXContainerItemProxy */ = {
			isa = PBXContainerItemProxy;
			containerPortal = 301BF52D109A57CC0062928A /* CordovaLib.xcodeproj */;
			proxyType = 1;
			remoteGlobalIDString = D2AAC07D0554694100DB518D;
			remoteInfo = CordovaLib;
		};
/* End PBXContainerItemProxy section */

/* Begin PBXFileReference section */
		0523DED50A484E8486CE411F /* GGLInstanceIDHeaders.h */ = {isa = PBXFileReference; fileEncoding = 4; lastKnownFileType = sourcecode.c.h; name = GGLInstanceIDHeaders.h; path = "phonegap-plugin-push/GCM/Headers/GGLInstanceIDHeaders.h"; sourceTree = "<group>"; };
		06D1868D8866415AB83D2F24 /* AddressBook.framework */ = {isa = PBXFileReference; fileEncoding = 4; lastKnownFileType = wrapper.framework; name = AddressBook.framework; path = System/Library/Frameworks/AddressBook.framework; sourceTree = SDKROOT; };
		170916B991A54D10B8F1CD8F /* AppDelegate+notification.h */ = {isa = PBXFileReference; fileEncoding = 4; lastKnownFileType = sourcecode.c.h; name = "AppDelegate+notification.h"; path = "phonegap-plugin-push/AppDelegate+notification.h"; sourceTree = "<group>"; };
		1B4F3C6A87C142439C49134D /* libz.tbd */ = {isa = PBXFileReference; fileEncoding = 4; lastKnownFileType = unknown; path = libz.tbd; sourceTree = "<group>"; };
		1D3623240D0F684500981E51 /* AppDelegate.h */ = {isa = PBXFileReference; fileEncoding = 4; lastKnownFileType = sourcecode.c.h; path = AppDelegate.h; sourceTree = "<group>"; };
		1D3623250D0F684500981E51 /* AppDelegate.m */ = {isa = PBXFileReference; fileEncoding = 4; lastKnownFileType = sourcecode.c.objc; path = AppDelegate.m; sourceTree = "<group>"; };
		1D6058910D05DD3D006BFB54 /* We Are Curious.app */ = {isa = PBXFileReference; explicitFileType = wrapper.application; includeInIndex = 0; path = "We Are Curious.app"; sourceTree = BUILT_PRODUCTS_DIR; };
		232C2CC9AEF744949CAFB10A /* libGTM_iPhone.a */ = {isa = PBXFileReference; fileEncoding = 4; lastKnownFileType = archive.ar; name = libGTM_iPhone.a; path = "We Are Curious/Plugins/phonegap-plugin-push/GCM/Libraries/libGTM_iPhone.a"; sourceTree = "<group>"; };
		2469E0DD914C4019B1940EF4 /* libGGLInstanceIDLib.a */ = {isa = PBXFileReference; fileEncoding = 4; lastKnownFileType = archive.ar; name = libGGLInstanceIDLib.a; path = "We Are Curious/Plugins/phonegap-plugin-push/GCM/Libraries/libGGLInstanceIDLib.a"; sourceTree = "<group>"; };
		257C5005EDAD480D95FEB999 /* CloudMessaging.h */ = {isa = PBXFileReference; fileEncoding = 4; lastKnownFileType = sourcecode.c.h; name = CloudMessaging.h; path = "phonegap-plugin-push/GCM/Headers/CloudMessaging.h"; sourceTree = "<group>"; };
		264A8C8A046E4E3AB305EF6F /* CDVSpinnerDialog.h */ = {isa = PBXFileReference; fileEncoding = 4; lastKnownFileType = sourcecode.c.h; name = CDVSpinnerDialog.h; path = "cordova-plugin-spinner-dialog/CDVSpinnerDialog.h"; sourceTree = "<group>"; };
		288765FC0DF74451002DB57D /* CoreGraphics.framework */ = {isa = PBXFileReference; lastKnownFileType = wrapper.framework; name = CoreGraphics.framework; path = System/Library/Frameworks/CoreGraphics.framework; sourceTree = SDKROOT; };
		29B97316FDCFA39411CA2CEA /* main.m */ = {isa = PBXFileReference; fileEncoding = 4; lastKnownFileType = sourcecode.c.objc; path = main.m; sourceTree = "<group>"; };
		2C46001A42B546A0A37DDB62 /* CDVInAppBrowser.h */ = {isa = PBXFileReference; fileEncoding = 4; lastKnownFileType = sourcecode.c.h; name = CDVInAppBrowser.h; path = "cordova-plugin-inappbrowser/CDVInAppBrowser.h"; sourceTree = "<group>"; };
		2FF74FE5030E4B40BACE8B59 /* GGLConfiguration.h */ = {isa = PBXFileReference; fileEncoding = 4; lastKnownFileType = sourcecode.c.h; name = GGLConfiguration.h; path = "phonegap-plugin-push/GCM/Headers/GGLConfiguration.h"; sourceTree = "<group>"; };
		2FFF29F554544128A2F55B99 /* SocialSharing.m */ = {isa = PBXFileReference; fileEncoding = 4; lastKnownFileType = sourcecode.c.objc; name = SocialSharing.m; path = "cordova-plugin-x-socialsharing/SocialSharing.m"; sourceTree = "<group>"; };
		301BF52D109A57CC0062928A /* CordovaLib.xcodeproj */ = {isa = PBXFileReference; lastKnownFileType = "wrapper.pb-project"; name = CordovaLib.xcodeproj; path = CordovaLib/CordovaLib.xcodeproj; sourceTree = "<group>"; };
		301BF56E109A69640062928A /* www */ = {isa = PBXFileReference; lastKnownFileType = folder; path = www; sourceTree = SOURCE_ROOT; };
		302D95EE14D2391D003F00A1 /* MainViewController.h */ = {isa = PBXFileReference; fileEncoding = 4; lastKnownFileType = sourcecode.c.h; path = MainViewController.h; sourceTree = "<group>"; };
		302D95EF14D2391D003F00A1 /* MainViewController.m */ = {isa = PBXFileReference; fileEncoding = 4; lastKnownFileType = sourcecode.c.objc; path = MainViewController.m; sourceTree = "<group>"; };
		302D95F014D2391D003F00A1 /* MainViewController.xib */ = {isa = PBXFileReference; fileEncoding = 4; lastKnownFileType = file.xib; path = MainViewController.xib; sourceTree = "<group>"; };
		3042971603374ED0AAC38C73 /* CDVSpinnerDialog.m */ = {isa = PBXFileReference; fileEncoding = 4; lastKnownFileType = sourcecode.c.objc; name = CDVSpinnerDialog.m; path = "cordova-plugin-spinner-dialog/CDVSpinnerDialog.m"; sourceTree = "<group>"; };
		305D5FD0115AB8F900A74A75 /* MobileCoreServices.framework */ = {isa = PBXFileReference; lastKnownFileType = wrapper.framework; name = MobileCoreServices.framework; path = System/Library/Frameworks/MobileCoreServices.framework; sourceTree = SDKROOT; };
		3088BBB7154F3926009F9C59 /* Default-Landscape@2x~ipad.png */ = {isa = PBXFileReference; lastKnownFileType = image.png; path = "Default-Landscape@2x~ipad.png"; sourceTree = "<group>"; };
		3088BBB8154F3926009F9C59 /* Default-Landscape~ipad.png */ = {isa = PBXFileReference; lastKnownFileType = image.png; path = "Default-Landscape~ipad.png"; sourceTree = "<group>"; };
		3088BBB9154F3926009F9C59 /* Default-Portrait@2x~ipad.png */ = {isa = PBXFileReference; lastKnownFileType = image.png; path = "Default-Portrait@2x~ipad.png"; sourceTree = "<group>"; };
		3088BBBA154F3926009F9C59 /* Default-Portrait~ipad.png */ = {isa = PBXFileReference; lastKnownFileType = image.png; path = "Default-Portrait~ipad.png"; sourceTree = "<group>"; };
		3088BBBB154F3926009F9C59 /* Default@2x~iphone.png */ = {isa = PBXFileReference; lastKnownFileType = image.png; path = "Default@2x~iphone.png"; sourceTree = "<group>"; };
		3088BBBC154F3926009F9C59 /* Default~iphone.png */ = {isa = PBXFileReference; lastKnownFileType = image.png; path = "Default~iphone.png"; sourceTree = "<group>"; };
		308D052E1370CCF300D202BF /* icon-72.png */ = {isa = PBXFileReference; lastKnownFileType = image.png; path = "icon-72.png"; sourceTree = "<group>"; };
		308D052F1370CCF300D202BF /* icon.png */ = {isa = PBXFileReference; lastKnownFileType = image.png; path = icon.png; sourceTree = "<group>"; };
		308D05301370CCF300D202BF /* icon@2x.png */ = {isa = PBXFileReference; lastKnownFileType = image.png; path = "icon@2x.png"; sourceTree = "<group>"; };
		30B4F2FD19D5E07200D9F7D8 /* Default-667h.png */ = {isa = PBXFileReference; lastKnownFileType = image.png; path = "Default-667h.png"; sourceTree = "<group>"; };
		30B4F2FE19D5E07200D9F7D8 /* Default-736h.png */ = {isa = PBXFileReference; lastKnownFileType = image.png; path = "Default-736h.png"; sourceTree = "<group>"; };
		30B4F2FF19D5E07200D9F7D8 /* Default-Landscape-736h.png */ = {isa = PBXFileReference; lastKnownFileType = image.png; path = "Default-Landscape-736h.png"; sourceTree = "<group>"; };
		30C1856519D5FC0A00212699 /* icon-60@3x.png */ = {isa = PBXFileReference; lastKnownFileType = image.png; path = "icon-60@3x.png"; sourceTree = "<group>"; };
		30FC414816E50CA1004E6F35 /* icon-72@2x.png */ = {isa = PBXFileReference; lastKnownFileType = image.png; path = "icon-72@2x.png"; sourceTree = "<group>"; };
		316D422DF54142C2A34CA19F /* HockeySDK.framework */ = {isa = PBXFileReference; lastKnownFileType = wrapper.framework; name = HockeySDK.framework; path = "We Are Curious/Plugins/cordova-plugin-hockeyapp/HockeySDK.framework"; sourceTree = "<group>"; };
		32CA4F630368D1EE00C91783 /* We Are Curious-Prefix.pch */ = {isa = PBXFileReference; fileEncoding = 4; lastKnownFileType = sourcecode.c.h; path = "We Are Curious-Prefix.pch"; sourceTree = "<group>"; };
		33C2DFCB752040C795C017A8 /* libGTM_AddressBook.a */ = {isa = PBXFileReference; fileEncoding = 4; lastKnownFileType = archive.ar; name = libGTM_AddressBook.a; path = "We Are Curious/Plugins/phonegap-plugin-push/GCM/Libraries/libGTM_AddressBook.a"; sourceTree = "<group>"; };
		35FDAA3B23C2451FB7955B12 /* libGGLCore.a */ = {isa = PBXFileReference; fileEncoding = 4; lastKnownFileType = archive.ar; name = libGGLCore.a; path = "We Are Curious/Plugins/phonegap-plugin-push/GCM/Libraries/libGGLCore.a"; sourceTree = "<group>"; };
		36077D7C985B4CF5AD057873 /* libGTM_NSStringHTML.a */ = {isa = PBXFileReference; fileEncoding = 4; lastKnownFileType = archive.ar; name = libGTM_NSStringHTML.a; path = "We Are Curious/Plugins/phonegap-plugin-push/GCM/Libraries/libGTM_NSStringHTML.a"; sourceTree = "<group>"; };
		378486A83C234706BC0B2E62 /* libsqlite3.tbd */ = {isa = PBXFileReference; fileEncoding = 4; lastKnownFileType = unknown; path = libsqlite3.tbd; sourceTree = "<group>"; };
		37EA61EE14174432BDFC385D /* PushPlugin.h */ = {isa = PBXFileReference; fileEncoding = 4; lastKnownFileType = sourcecode.c.h; name = PushPlugin.h; path = "phonegap-plugin-push/PushPlugin.h"; sourceTree = "<group>"; };
		37FA485B60524B8BBE09BE97 /* libGSDK_Overload.a */ = {isa = PBXFileReference; fileEncoding = 4; lastKnownFileType = archive.ar; name = libGSDK_Overload.a; path = "We Are Curious/Plugins/phonegap-plugin-push/GCM/Libraries/libGSDK_Overload.a"; sourceTree = "<group>"; };
		39C10C24878E4CABBFBE9C39 /* GGLContext+CloudMessaging.h */ = {isa = PBXFileReference; fileEncoding = 4; lastKnownFileType = sourcecode.c.h; name = "GGLContext+CloudMessaging.h"; path = "phonegap-plugin-push/GCM/Headers/GGLContext+CloudMessaging.h"; sourceTree = "<group>"; };
		3A727A416A6D47E3BB5325B6 /* GGLInstanceID.h */ = {isa = PBXFileReference; fileEncoding = 4; lastKnownFileType = sourcecode.c.h; name = GGLInstanceID.h; path = "phonegap-plugin-push/GCM/Headers/GGLInstanceID.h"; sourceTree = "<group>"; };
		43B6DD1BCFD64D12928E5DB9 /* libstdc++.dylib */ = {isa = PBXFileReference; fileEncoding = 4; lastKnownFileType = "compiled.mach-o.dylib"; name = "libstdc++.dylib"; path = "usr/lib/libstdc++.dylib"; sourceTree = SDKROOT; };
		45194A5EAB674F0196621CE6 /* GCMService.h */ = {isa = PBXFileReference; fileEncoding = 4; lastKnownFileType = sourcecode.c.h; name = GCMService.h; path = "phonegap-plugin-push/GCM/Headers/GCMService.h"; sourceTree = "<group>"; };
		49DD73CF57544B62A1C449F6 /* CDVConnection.m */ = {isa = PBXFileReference; fileEncoding = 4; lastKnownFileType = sourcecode.c.objc; name = CDVConnection.m; path = "cordova-plugin-network-information/CDVConnection.m"; sourceTree = "<group>"; };
		4E7207ED0C584C9D83879825 /* libGTM_NSData+zlib.a */ = {isa = PBXFileReference; fileEncoding = 4; lastKnownFileType = archive.ar; name = "libGTM_NSData+zlib.a"; path = "We Are Curious/Plugins/phonegap-plugin-push/GCM/Libraries/libGTM_NSData+zlib.a"; sourceTree = "<group>"; };
		551CCE443F3E46A1BB27AE39 /* QuickLook.framework */ = {isa = PBXFileReference; fileEncoding = 4; lastKnownFileType = wrapper.framework; name = QuickLook.framework; path = System/Library/Frameworks/QuickLook.framework; sourceTree = SDKROOT; };
		555F50CACDB4430D9CF9FD36 /* IonicKeyboard.m */ = {isa = PBXFileReference; fileEncoding = 4; lastKnownFileType = sourcecode.c.objc; name = IonicKeyboard.m; path = "ionic-plugin-keyboard/IonicKeyboard.m"; sourceTree = "<group>"; };
		5578CCBED06E4FC5A41F4D01 /* libGTM_NSScannerJSON.a */ = {isa = PBXFileReference; fileEncoding = 4; lastKnownFileType = archive.ar; name = libGTM_NSScannerJSON.a; path = "We Are Curious/Plugins/phonegap-plugin-push/GCM/Libraries/libGTM_NSScannerJSON.a"; sourceTree = "<group>"; };
		5B1594DC16A7569C00FEF299 /* AssetsLibrary.framework */ = {isa = PBXFileReference; lastKnownFileType = wrapper.framework; name = AssetsLibrary.framework; path = System/Library/Frameworks/AssetsLibrary.framework; sourceTree = SDKROOT; };
		5EEDB54EC3444C33BD69E087 /* HockeySDK.xcconfig */ = {isa = PBXFileReference; fileEncoding = 4; lastKnownFileType = unknown; path = HockeySDK.xcconfig; sourceTree = "<group>"; };
		5F8A84863F7F4801A2995A2D /* libGTM_core.a */ = {isa = PBXFileReference; fileEncoding = 4; lastKnownFileType = archive.ar; name = libGTM_core.a; path = "We Are Curious/Plugins/phonegap-plugin-push/GCM/Libraries/libGTM_core.a"; sourceTree = "<group>"; };
		6228DDB0DB2D4B3CB35CF7BD /* CDVReachability.m */ = {isa = PBXFileReference; fileEncoding = 4; lastKnownFileType = sourcecode.c.objc; name = CDVReachability.m; path = "cordova-plugin-network-information/CDVReachability.m"; sourceTree = "<group>"; };
		636B0D2E291E427790E1D37A /* GGLContext.h */ = {isa = PBXFileReference; fileEncoding = 4; lastKnownFileType = sourcecode.c.h; name = GGLContext.h; path = "phonegap-plugin-push/GCM/Headers/GGLContext.h"; sourceTree = "<group>"; };
		66BFDB96B43849A1A9ED9E9A /* SocialSharing.h */ = {isa = PBXFileReference; fileEncoding = 4; lastKnownFileType = sourcecode.c.h; name = SocialSharing.h; path = "cordova-plugin-x-socialsharing/SocialSharing.h"; sourceTree = "<group>"; };
		73327BCC0E284ED8BFCBA1F9 /* libGTM_StringEncoding.a */ = {isa = PBXFileReference; fileEncoding = 4; lastKnownFileType = archive.ar; name = libGTM_StringEncoding.a; path = "We Are Curious/Plugins/phonegap-plugin-push/GCM/Libraries/libGTM_StringEncoding.a"; sourceTree = "<group>"; };
		788817BEACA34E109B153B2F /* HockeyApp.h */ = {isa = PBXFileReference; fileEncoding = 4; lastKnownFileType = sourcecode.c.h; name = HockeyApp.h; path = "cordova-plugin-hockeyapp/HockeyApp.h"; sourceTree = "<group>"; };
		7947DBF027F24BC79BE1BD3F /* Foundation.framework */ = {isa = PBXFileReference; fileEncoding = 4; lastKnownFileType = wrapper.framework; name = Foundation.framework; path = System/Library/Frameworks/Foundation.framework; sourceTree = SDKROOT; };
		7E2863882ED445FEBF3E808C /* MessageUI.framework */ = {isa = PBXFileReference; fileEncoding = 4; lastKnownFileType = wrapper.framework; name = MessageUI.framework; path = System/Library/Frameworks/MessageUI.framework; sourceTree = SDKROOT; };
		7E7966D41810823500FA85AD /* icon-40.png */ = {isa = PBXFileReference; lastKnownFileType = image.png; path = "icon-40.png"; sourceTree = "<group>"; };
		7E7966D51810823500FA85AD /* icon-40@2x.png */ = {isa = PBXFileReference; lastKnownFileType = image.png; path = "icon-40@2x.png"; sourceTree = "<group>"; };
		7E7966D61810823500FA85AD /* icon-50.png */ = {isa = PBXFileReference; lastKnownFileType = image.png; path = "icon-50.png"; sourceTree = "<group>"; };
		7E7966D71810823500FA85AD /* icon-50@2x.png */ = {isa = PBXFileReference; lastKnownFileType = image.png; path = "icon-50@2x.png"; sourceTree = "<group>"; };
		7E7966D81810823500FA85AD /* icon-60.png */ = {isa = PBXFileReference; lastKnownFileType = image.png; path = "icon-60.png"; sourceTree = "<group>"; };
		7E7966D91810823500FA85AD /* icon-60@2x.png */ = {isa = PBXFileReference; lastKnownFileType = image.png; path = "icon-60@2x.png"; sourceTree = "<group>"; };
		7E7966DA1810823500FA85AD /* icon-76.png */ = {isa = PBXFileReference; lastKnownFileType = image.png; path = "icon-76.png"; sourceTree = "<group>"; };
		7E7966DB1810823500FA85AD /* icon-76@2x.png */ = {isa = PBXFileReference; lastKnownFileType = image.png; path = "icon-76@2x.png"; sourceTree = "<group>"; };
		7E7966DC1810823500FA85AD /* icon-small.png */ = {isa = PBXFileReference; lastKnownFileType = image.png; path = "icon-small.png"; sourceTree = "<group>"; };
		7E7966DD1810823500FA85AD /* icon-small@2x.png */ = {isa = PBXFileReference; lastKnownFileType = image.png; path = "icon-small@2x.png"; sourceTree = "<group>"; };
		7FE81330EDF94D2A87B87CD3 /* CDVConnection.h */ = {isa = PBXFileReference; fileEncoding = 4; lastKnownFileType = sourcecode.c.h; name = CDVConnection.h; path = "cordova-plugin-network-information/CDVConnection.h"; sourceTree = "<group>"; };
		837DD1E2544347B0B994F84A /* UIWebViewExtension.m */ = {isa = PBXFileReference; fileEncoding = 4; lastKnownFileType = sourcecode.c.objc; name = UIWebViewExtension.m; path = "ionic-plugin-keyboard/UIWebViewExtension.m"; sourceTree = "<group>"; };
		83B8054F99214CAB89483FDA /* libGTM_UIFont+LineHeight.a */ = {isa = PBXFileReference; fileEncoding = 4; lastKnownFileType = archive.ar; name = "libGTM_UIFont+LineHeight.a"; path = "We Are Curious/Plugins/phonegap-plugin-push/GCM/Libraries/libGTM_UIFont+LineHeight.a"; sourceTree = "<group>"; };
		8470CEBCDFDE45C49C5A3946 /* CDVDevice.h */ = {isa = PBXFileReference; fileEncoding = 4; lastKnownFileType = sourcecode.c.h; name = CDVDevice.h; path = "cordova-plugin-device/CDVDevice.h"; sourceTree = "<group>"; };
		86A2BD3816B24409BE754AEA /* libGTMSessionFetcher_full.a */ = {isa = PBXFileReference; fileEncoding = 4; lastKnownFileType = archive.ar; name = libGTMSessionFetcher_full.a; path = "We Are Curious/Plugins/phonegap-plugin-push/GCM/Libraries/libGTMSessionFetcher_full.a"; sourceTree = "<group>"; };
		8BC274B0A908416181367DA9 /* Social.framework */ = {isa = PBXFileReference; fileEncoding = 4; lastKnownFileType = wrapper.framework; name = Social.framework; path = System/Library/Frameworks/Social.framework; sourceTree = SDKROOT; };
		8D1107310486CEB800E47090 /* We Are Curious-Info.plist */ = {isa = PBXFileReference; fileEncoding = 4; lastKnownFileType = text.plist.xml; name = "We Are Curious-Info.plist"; path = "../We Are Curious-Info.plist"; plistStructureDefinitionIdentifier = "com.apple.xcode.plist.structure-definition.iphone.info-plist"; sourceTree = "<group>"; };
		968D3107E86B495F85E5D4B5 /* libGcmLib.a */ = {isa = PBXFileReference; fileEncoding = 4; lastKnownFileType = archive.ar; name = libGcmLib.a; path = "We Are Curious/Plugins/phonegap-plugin-push/GCM/Libraries/libGcmLib.a"; sourceTree = "<group>"; };
		96B7E83167014AC1A0C48CFE /* GGLErrorCode.h */ = {isa = PBXFileReference; fileEncoding = 4; lastKnownFileType = sourcecode.c.h; name = GGLErrorCode.h; path = "phonegap-plugin-push/GCM/Headers/GGLErrorCode.h"; sourceTree = "<group>"; };
		9988300CF568458AACBBE3A4 /* libGTM_NSDictionary+URLArguments.a */ = {isa = PBXFileReference; fileEncoding = 4; lastKnownFileType = archive.ar; name = "libGTM_NSDictionary+URLArguments.a"; path = "We Are Curious/Plugins/phonegap-plugin-push/GCM/Libraries/libGTM_NSDictionary+URLArguments.a"; sourceTree = "<group>"; };
		9BCAF0D1927A4658B00538BE /* libProtocolBuffers.a */ = {isa = PBXFileReference; fileEncoding = 4; lastKnownFileType = archive.ar; name = libProtocolBuffers.a; path = "We Are Curious/Plugins/phonegap-plugin-push/GCM/Libraries/libProtocolBuffers.a"; sourceTree = "<group>"; };
		A0163F7CD26C4DDFA71AE412 /* libGTM_NSStringXML.a */ = {isa = PBXFileReference; fileEncoding = 4; lastKnownFileType = archive.ar; name = libGTM_NSStringXML.a; path = "We Are Curious/Plugins/phonegap-plugin-push/GCM/Libraries/libGTM_NSStringXML.a"; sourceTree = "<group>"; };
		A3C169CABEA34171A53C07AE /* QuartzCore.framework */ = {isa = PBXFileReference; fileEncoding = 4; lastKnownFileType = wrapper.framework; name = QuartzCore.framework; path = System/Library/Frameworks/QuartzCore.framework; sourceTree = SDKROOT; };
		A52991C3AC314CA68B30683C /* GCMReceiverDelegate.h */ = {isa = PBXFileReference; fileEncoding = 4; lastKnownFileType = sourcecode.c.h; name = GCMReceiverDelegate.h; path = "phonegap-plugin-push/GCM/Headers/GCMReceiverDelegate.h"; sourceTree = "<group>"; };
		A553C78BFD5B44B39FF39DA9 /* CDVDevice.m */ = {isa = PBXFileReference; fileEncoding = 4; lastKnownFileType = sourcecode.c.objc; name = CDVDevice.m; path = "cordova-plugin-device/CDVDevice.m"; sourceTree = "<group>"; };
		AB8F3655F2F24C548909C17D /* PushPlugin.m */ = {isa = PBXFileReference; fileEncoding = 4; lastKnownFileType = sourcecode.c.objc; name = PushPlugin.m; path = "phonegap-plugin-push/PushPlugin.m"; sourceTree = "<group>"; };
		AD174FBDBD314B259E42EAF9 /* GoogleCloudMessaging.h */ = {isa = PBXFileReference; fileEncoding = 4; lastKnownFileType = sourcecode.c.h; name = GoogleCloudMessaging.h; path = "phonegap-plugin-push/GCM/Headers/GoogleCloudMessaging.h"; sourceTree = "<group>"; };
		B4655C73D2824C9D9184EA59 /* libGTM_RoundedRectPath.a */ = {isa = PBXFileReference; fileEncoding = 4; lastKnownFileType = archive.ar; name = libGTM_RoundedRectPath.a; path = "We Are Curious/Plugins/phonegap-plugin-push/GCM/Libraries/libGTM_RoundedRectPath.a"; sourceTree = "<group>"; };
		B6E493EA99584423BA950584 /* CDVReachability.h */ = {isa = PBXFileReference; fileEncoding = 4; lastKnownFileType = sourcecode.c.h; name = CDVReachability.h; path = "cordova-plugin-network-information/CDVReachability.h"; sourceTree = "<group>"; };
		B83BF8B8356548D3826252A8 /* CDVStatusBar.h */ = {isa = PBXFileReference; fileEncoding = 4; lastKnownFileType = sourcecode.c.h; name = CDVStatusBar.h; path = "cordova-plugin-statusbar/CDVStatusBar.h"; sourceTree = "<group>"; };
		B9E3EB743FDF4244B1AA5C4D /* GCMConfig.h */ = {isa = PBXFileReference; fileEncoding = 4; lastKnownFileType = sourcecode.c.h; name = GCMConfig.h; path = "phonegap-plugin-push/GCM/Headers/GCMConfig.h"; sourceTree = "<group>"; };
		C281B494A95E49089DF4187F /* GGLInstanceIDDelegate.h */ = {isa = PBXFileReference; fileEncoding = 4; lastKnownFileType = sourcecode.c.h; name = GGLInstanceIDDelegate.h; path = "phonegap-plugin-push/GCM/Headers/GGLInstanceIDDelegate.h"; sourceTree = "<group>"; };
		C60B693DBFB9430787C1B0A6 /* Security.framework */ = {isa = PBXFileReference; fileEncoding = 4; lastKnownFileType = wrapper.framework; name = Security.framework; path = System/Library/Frameworks/Security.framework; sourceTree = SDKROOT; };
		C7D7B51F3D994DC4A6726024 /* libGTM_GTMURLBuilder.a */ = {isa = PBXFileReference; fileEncoding = 4; lastKnownFileType = archive.ar; name = libGTM_GTMURLBuilder.a; path = "We Are Curious/Plugins/phonegap-plugin-push/GCM/Libraries/libGTM_GTMURLBuilder.a"; sourceTree = "<group>"; };
		CAE4DA3509894ED78996C32A /* libGTM_SystemVersion.a */ = {isa = PBXFileReference; fileEncoding = 4; lastKnownFileType = archive.ar; name = libGTM_SystemVersion.a; path = "We Are Curious/Plugins/phonegap-plugin-push/GCM/Libraries/libGTM_SystemVersion.a"; sourceTree = "<group>"; };
		CE8E8662F88B4F3EB588D805 /* SystemConfiguration.framework */ = {isa = PBXFileReference; fileEncoding = 4; lastKnownFileType = wrapper.framework; name = SystemConfiguration.framework; path = System/Library/Frameworks/SystemConfiguration.framework; sourceTree = SDKROOT; };
		D2932A75612B4D34B003E9A0 /* libGTMStackTrace.a */ = {isa = PBXFileReference; fileEncoding = 4; lastKnownFileType = archive.ar; name = libGTMStackTrace.a; path = "We Are Curious/Plugins/phonegap-plugin-push/GCM/Libraries/libGTMStackTrace.a"; sourceTree = "<group>"; };
		D4A0D8751607E02300AEF8BB /* Default-568h@2x~iphone.png */ = {isa = PBXFileReference; lastKnownFileType = image.png; path = "Default-568h@2x~iphone.png"; sourceTree = "<group>"; };
		D56138D3A31B4E7EB58C4592 /* CDVInAppBrowser.m */ = {isa = PBXFileReference; fileEncoding = 4; lastKnownFileType = sourcecode.c.objc; name = CDVInAppBrowser.m; path = "cordova-plugin-inappbrowser/CDVInAppBrowser.m"; sourceTree = "<group>"; };
		D65A947A5BAA4EE1B7DEEC32 /* Core.h */ = {isa = PBXFileReference; fileEncoding = 4; lastKnownFileType = sourcecode.c.h; name = Core.h; path = "phonegap-plugin-push/GCM/Headers/Core.h"; sourceTree = "<group>"; };
		D6EC35D9B92D4EECA068F744 /* libGTM_Regex.a */ = {isa = PBXFileReference; fileEncoding = 4; lastKnownFileType = archive.ar; name = libGTM_Regex.a; path = "We Are Curious/Plugins/phonegap-plugin-push/GCM/Libraries/libGTM_Regex.a"; sourceTree = "<group>"; };
		D864A3F0BC10446B97A27D55 /* CDVStatusBar.m */ = {isa = PBXFileReference; fileEncoding = 4; lastKnownFileType = sourcecode.c.objc; name = CDVStatusBar.m; path = "cordova-plugin-statusbar/CDVStatusBar.m"; sourceTree = "<group>"; };
		D9C6409CCFF7491C89CCF732 /* IonicKeyboard.h */ = {isa = PBXFileReference; fileEncoding = 4; lastKnownFileType = sourcecode.c.h; name = IonicKeyboard.h; path = "ionic-plugin-keyboard/IonicKeyboard.h"; sourceTree = "<group>"; };
		DAFC6FBD788644A3BC2C0AD2 /* libGGLCloudMessaging.a */ = {isa = PBXFileReference; fileEncoding = 4; lastKnownFileType = archive.ar; name = libGGLCloudMessaging.a; path = "We Are Curious/Plugins/phonegap-plugin-push/GCM/Libraries/libGGLCloudMessaging.a"; sourceTree = "<group>"; };
		DBD9E6DBF3DF47018FD8C91F /* libGTM_DebugUtils.a */ = {isa = PBXFileReference; fileEncoding = 4; lastKnownFileType = archive.ar; name = libGTM_DebugUtils.a; path = "We Are Curious/Plugins/phonegap-plugin-push/GCM/Libraries/libGTM_DebugUtils.a"; sourceTree = "<group>"; };
		DE26862EDE3F4B8FB9E784C3 /* UIKit.framework */ = {isa = PBXFileReference; fileEncoding = 4; lastKnownFileType = wrapper.framework; name = UIKit.framework; path = System/Library/Frameworks/UIKit.framework; sourceTree = SDKROOT; };
		DF1F14A14DF8408492BFF1E6 /* HockeyApp.m */ = {isa = PBXFileReference; fileEncoding = 4; lastKnownFileType = sourcecode.c.objc; name = HockeyApp.m; path = "cordova-plugin-hockeyapp/HockeyApp.m"; sourceTree = "<group>"; };
		E1A0C7E298B94B37894CA80B /* CoreText.framework */ = {isa = PBXFileReference; fileEncoding = 4; lastKnownFileType = wrapper.framework; name = CoreText.framework; path = System/Library/Frameworks/CoreText.framework; sourceTree = SDKROOT; };
		E1C16A44E5974E2C90B5397B /* HockeySDKResources.bundle */ = {isa = PBXFileReference; lastKnownFileType = "wrapper.plug-in"; path = HockeySDKResources.bundle; sourceTree = "<group>"; };
		E7A6550C8A0545259B2C19C7 /* AppDelegate+notification.m */ = {isa = PBXFileReference; fileEncoding = 4; lastKnownFileType = sourcecode.c.objc; name = "AppDelegate+notification.m"; path = "phonegap-plugin-push/AppDelegate+notification.m"; sourceTree = "<group>"; };
		EB87FDF21871DA7A0020F90C /* merges */ = {isa = PBXFileReference; lastKnownFileType = folder; name = merges; path = ../../merges; sourceTree = "<group>"; };
		EB87FDF31871DA8E0020F90C /* www */ = {isa = PBXFileReference; lastKnownFileType = folder; name = www; path = ../../www; sourceTree = "<group>"; };
		EB87FDF41871DAF40020F90C /* config.xml */ = {isa = PBXFileReference; lastKnownFileType = text.xml; name = config.xml; path = ../../config.xml; sourceTree = "<group>"; };
		EEA0F991BD9147BCBEDB5E9D /* libGTMSessionFetcher_core.a */ = {isa = PBXFileReference; fileEncoding = 4; lastKnownFileType = archive.ar; name = libGTMSessionFetcher_core.a; path = "We Are Curious/Plugins/phonegap-plugin-push/GCM/Libraries/libGTMSessionFetcher_core.a"; sourceTree = "<group>"; };
		F1448548285E4E0EA085FBAF /* GGLInstanceIDConfig.h */ = {isa = PBXFileReference; fileEncoding = 4; lastKnownFileType = sourcecode.c.h; name = GGLInstanceIDConfig.h; path = "phonegap-plugin-push/GCM/Headers/GGLInstanceIDConfig.h"; sourceTree = "<group>"; };
		F2BDA3B3609A49D0B21802FF /* UIWebViewExtension.h */ = {isa = PBXFileReference; fileEncoding = 4; lastKnownFileType = sourcecode.c.h; name = UIWebViewExtension.h; path = "ionic-plugin-keyboard/UIWebViewExtension.h"; sourceTree = "<group>"; };
		F2FA24E8118C4D7EA2AD7607 /* libGIP_Reachability.a */ = {isa = PBXFileReference; fileEncoding = 4; lastKnownFileType = archive.ar; name = libGIP_Reachability.a; path = "We Are Curious/Plugins/phonegap-plugin-push/GCM/Libraries/libGIP_Reachability.a"; sourceTree = "<group>"; };
		F5FFEB716D6F459B8D0D3859 /* libc++.dylib */ = {isa = PBXFileReference; fileEncoding = 4; lastKnownFileType = "compiled.mach-o.dylib"; name = "libc++.dylib"; path = "usr/lib/libc++.dylib"; sourceTree = SDKROOT; };
		F6BC8206B42946DFB767F28B /* GCMPubSub.h */ = {isa = PBXFileReference; fileEncoding = 4; lastKnownFileType = sourcecode.c.h; name = GCMPubSub.h; path = "phonegap-plugin-push/GCM/Headers/GCMPubSub.h"; sourceTree = "<group>"; };
		F840E1F0165FE0F500CFE078 /* config.xml */ = {isa = PBXFileReference; lastKnownFileType = text.xml; name = config.xml; path = "We Are Curious/config.xml"; sourceTree = "<group>"; };
		F9D7D783A6C34493BBF75576 /* libGTM_KVO.a */ = {isa = PBXFileReference; fileEncoding = 4; lastKnownFileType = archive.ar; name = libGTM_KVO.a; path = "We Are Curious/Plugins/phonegap-plugin-push/GCM/Libraries/libGTM_KVO.a"; sourceTree = "<group>"; };
/* End PBXFileReference section */

/* Begin PBXFrameworksBuildPhase section */
		1D60588F0D05DD3D006BFB54 /* Frameworks */ = {
			isa = PBXFrameworksBuildPhase;
			buildActionMask = 2147483647;
			files = (
				5B1594DD16A7569C00FEF299 /* AssetsLibrary.framework in Frameworks */,
				301BF552109A68D80062928A /* libCordova.a in Frameworks */,
				288765FD0DF74451002DB57D /* CoreGraphics.framework in Frameworks */,
				305D5FD1115AB8F900A74A75 /* MobileCoreServices.framework in Frameworks */,
				6CB103169930457494982460 /* libstdc++.dylib in Frameworks */,
				5CC9512653A0472BAE7D9A80 /* libc++.dylib in Frameworks */,
				04A759E699A54722A579A7C6 /* CoreText.framework in Frameworks */,
				C26097178E134EEA9035F8EE /* Foundation.framework in Frameworks */,
				3109C228C5854DADB4F22E18 /* QuartzCore.framework in Frameworks */,
				441393068C794CA3B2FBEC58 /* QuickLook.framework in Frameworks */,
				4350667C679240EA8FC55915 /* Security.framework in Frameworks */,
				9666AABDAEA44E8CA04B7686 /* SystemConfiguration.framework in Frameworks */,
				6BFAC70AE8434A739B07C6FE /* UIKit.framework in Frameworks */,
				9AB10048E95248C0853E52A4 /* Social.framework in Frameworks */,
				10412D1390EB4FC4BDEE71E0 /* MessageUI.framework in Frameworks */,
				30A5668EA5C74ADB8F1B1CE6 /* libGGLCloudMessaging.a in Frameworks */,
				FBD1E87017E04F03BECB8113 /* libGGLCore.a in Frameworks */,
				80F8F649F33742A4A7E073A9 /* libGGLInstanceIDLib.a in Frameworks */,
				C6A7BEAD0E1E45849782E900 /* libGIP_Reachability.a in Frameworks */,
				708AFDAB5D954F83820C5BF0 /* libGSDK_Overload.a in Frameworks */,
				56400F878F9F4B55A37F920C /* libGTMSessionFetcher_core.a in Frameworks */,
				9C6214E06BAC42AB89582E33 /* libGTMSessionFetcher_full.a in Frameworks */,
				8901F31A702F4484BC0AB43D /* libGTMStackTrace.a in Frameworks */,
				A85DE71F7D684D18963BDF3D /* libGTM_AddressBook.a in Frameworks */,
				CC3899CC3ACE4DF3AE3A78A4 /* libGTM_DebugUtils.a in Frameworks */,
				E5EC12AFCFAB4E43912DDF4D /* libGTM_GTMURLBuilder.a in Frameworks */,
				7218445B39E949CE8173CE1B /* libGTM_KVO.a in Frameworks */,
				C299073F1371407A81F50F93 /* libGTM_NSData+zlib.a in Frameworks */,
				B09061E421794673867F9770 /* libGTM_NSDictionary+URLArguments.a in Frameworks */,
				7010245C0A774D80B05B53DB /* libGTM_NSScannerJSON.a in Frameworks */,
				A5933F20C4164C76812BE4B2 /* libGTM_NSStringHTML.a in Frameworks */,
				C48833D298014BE082E94FEF /* libGTM_NSStringXML.a in Frameworks */,
				B599084F5F3A42CC821A67D3 /* libGTM_Regex.a in Frameworks */,
				C19E2C682013410A812996F4 /* libGTM_RoundedRectPath.a in Frameworks */,
				106F2B6577C44C63ABD66E53 /* libGTM_StringEncoding.a in Frameworks */,
				3414DA310C494D89ACFF2D24 /* libGTM_SystemVersion.a in Frameworks */,
				9228E6294FFF436491772FE1 /* libGTM_UIFont+LineHeight.a in Frameworks */,
				D30E504645684F6D95836153 /* libGTM_core.a in Frameworks */,
				6D8C0CA7CBE347AEB5C99575 /* libGTM_iPhone.a in Frameworks */,
				E1C3BFCFF18845258D507871 /* libGcmLib.a in Frameworks */,
				3A3980DB5BA24C15B66FE212 /* libProtocolBuffers.a in Frameworks */,
				560BCA183C8447B6978EFAB2 /* AddressBook.framework in Frameworks */,
				77DF12D2A47A4E73B0AD4E8C /* libsqlite3.tbd in Frameworks */,
				46A58015A0B94CB4B2490BFD /* libz.tbd in Frameworks */,
				4E87423F56B648EB94794710 /* HockeySDK.framework in Frameworks */,
			);
			runOnlyForDeploymentPostprocessing = 0;
		};
/* End PBXFrameworksBuildPhase section */

/* Begin PBXGroup section */
		080E96DDFE201D6D7F000001 /* Classes */ = {
			isa = PBXGroup;
			children = (
				302D95EE14D2391D003F00A1 /* MainViewController.h */,
				302D95EF14D2391D003F00A1 /* MainViewController.m */,
				302D95F014D2391D003F00A1 /* MainViewController.xib */,
				1D3623240D0F684500981E51 /* AppDelegate.h */,
				1D3623250D0F684500981E51 /* AppDelegate.m */,
			);
			name = Classes;
			path = "We Are Curious/Classes";
			sourceTree = SOURCE_ROOT;
		};
		19C28FACFE9D520D11CA2CBB /* Products */ = {
			isa = PBXGroup;
			children = (
				1D6058910D05DD3D006BFB54 /* We Are Curious.app */,
			);
			name = Products;
			sourceTree = "<group>";
		};
		29B97314FDCFA39411CA2CEA /* CustomTemplate */ = {
			isa = PBXGroup;
			children = (
				EB87FDF41871DAF40020F90C /* config.xml */,
				EB87FDF31871DA8E0020F90C /* www */,
				EB87FDF21871DA7A0020F90C /* merges */,
				EB87FDF11871DA420020F90C /* Staging */,
				301BF52D109A57CC0062928A /* CordovaLib.xcodeproj */,
				080E96DDFE201D6D7F000001 /* Classes */,
				307C750510C5A3420062BCA9 /* Plugins */,
				29B97315FDCFA39411CA2CEA /* Other Sources */,
				29B97317FDCFA39411CA2CEA /* Resources */,
				29B97323FDCFA39411CA2CEA /* Frameworks */,
				19C28FACFE9D520D11CA2CBB /* Products */,
			);
			name = CustomTemplate;
			sourceTree = "<group>";
		};
		29B97315FDCFA39411CA2CEA /* Other Sources */ = {
			isa = PBXGroup;
			children = (
				32CA4F630368D1EE00C91783 /* We Are Curious-Prefix.pch */,
				29B97316FDCFA39411CA2CEA /* main.m */,
			);
			name = "Other Sources";
			path = "We Are Curious";
			sourceTree = "<group>";
		};
		29B97317FDCFA39411CA2CEA /* Resources */ = {
			isa = PBXGroup;
			children = (
				308D052D1370CCF300D202BF /* icons */,
				308D05311370CCF300D202BF /* splash */,
				8D1107310486CEB800E47090 /* We Are Curious-Info.plist */,
				E1C16A44E5974E2C90B5397B /* HockeySDKResources.bundle */,
				5EEDB54EC3444C33BD69E087 /* HockeySDK.xcconfig */,
			);
			name = Resources;
			path = "We Are Curious/Resources";
			sourceTree = "<group>";
		};
		29B97323FDCFA39411CA2CEA /* Frameworks */ = {
			isa = PBXGroup;
			children = (
				5B1594DC16A7569C00FEF299 /* AssetsLibrary.framework */,
				288765FC0DF74451002DB57D /* CoreGraphics.framework */,
				305D5FD0115AB8F900A74A75 /* MobileCoreServices.framework */,
				43B6DD1BCFD64D12928E5DB9 /* libstdc++.dylib */,
				F5FFEB716D6F459B8D0D3859 /* libc++.dylib */,
				E1A0C7E298B94B37894CA80B /* CoreText.framework */,
				7947DBF027F24BC79BE1BD3F /* Foundation.framework */,
				A3C169CABEA34171A53C07AE /* QuartzCore.framework */,
				551CCE443F3E46A1BB27AE39 /* QuickLook.framework */,
				C60B693DBFB9430787C1B0A6 /* Security.framework */,
				CE8E8662F88B4F3EB588D805 /* SystemConfiguration.framework */,
				DE26862EDE3F4B8FB9E784C3 /* UIKit.framework */,
				8BC274B0A908416181367DA9 /* Social.framework */,
				7E2863882ED445FEBF3E808C /* MessageUI.framework */,
				DAFC6FBD788644A3BC2C0AD2 /* libGGLCloudMessaging.a */,
				35FDAA3B23C2451FB7955B12 /* libGGLCore.a */,
				2469E0DD914C4019B1940EF4 /* libGGLInstanceIDLib.a */,
				F2FA24E8118C4D7EA2AD7607 /* libGIP_Reachability.a */,
				37FA485B60524B8BBE09BE97 /* libGSDK_Overload.a */,
				EEA0F991BD9147BCBEDB5E9D /* libGTMSessionFetcher_core.a */,
				86A2BD3816B24409BE754AEA /* libGTMSessionFetcher_full.a */,
				D2932A75612B4D34B003E9A0 /* libGTMStackTrace.a */,
				33C2DFCB752040C795C017A8 /* libGTM_AddressBook.a */,
				DBD9E6DBF3DF47018FD8C91F /* libGTM_DebugUtils.a */,
				C7D7B51F3D994DC4A6726024 /* libGTM_GTMURLBuilder.a */,
				F9D7D783A6C34493BBF75576 /* libGTM_KVO.a */,
				4E7207ED0C584C9D83879825 /* libGTM_NSData+zlib.a */,
				9988300CF568458AACBBE3A4 /* libGTM_NSDictionary+URLArguments.a */,
				5578CCBED06E4FC5A41F4D01 /* libGTM_NSScannerJSON.a */,
				36077D7C985B4CF5AD057873 /* libGTM_NSStringHTML.a */,
				A0163F7CD26C4DDFA71AE412 /* libGTM_NSStringXML.a */,
				D6EC35D9B92D4EECA068F744 /* libGTM_Regex.a */,
				B4655C73D2824C9D9184EA59 /* libGTM_RoundedRectPath.a */,
				73327BCC0E284ED8BFCBA1F9 /* libGTM_StringEncoding.a */,
				CAE4DA3509894ED78996C32A /* libGTM_SystemVersion.a */,
				83B8054F99214CAB89483FDA /* libGTM_UIFont+LineHeight.a */,
				5F8A84863F7F4801A2995A2D /* libGTM_core.a */,
				232C2CC9AEF744949CAFB10A /* libGTM_iPhone.a */,
				968D3107E86B495F85E5D4B5 /* libGcmLib.a */,
				9BCAF0D1927A4658B00538BE /* libProtocolBuffers.a */,
				06D1868D8866415AB83D2F24 /* AddressBook.framework */,
				378486A83C234706BC0B2E62 /* libsqlite3.tbd */,
				1B4F3C6A87C142439C49134D /* libz.tbd */,
				316D422DF54142C2A34CA19F /* HockeySDK.framework */,
			);
			name = Frameworks;
			sourceTree = "<group>";
		};
		301BF52E109A57CC0062928A /* Products */ = {
			isa = PBXGroup;
			children = (
				301BF535109A57CC0062928A /* libCordova.a */,
			);
			name = Products;
			sourceTree = "<group>";
		};
		307C750510C5A3420062BCA9 /* Plugins */ = {
			isa = PBXGroup;
			children = (
				A553C78BFD5B44B39FF39DA9 /* CDVDevice.m */,
				8470CEBCDFDE45C49C5A3946 /* CDVDevice.h */,
				D56138D3A31B4E7EB58C4592 /* CDVInAppBrowser.m */,
				2C46001A42B546A0A37DDB62 /* CDVInAppBrowser.h */,
				49DD73CF57544B62A1C449F6 /* CDVConnection.m */,
				6228DDB0DB2D4B3CB35CF7BD /* CDVReachability.m */,
				7FE81330EDF94D2A87B87CD3 /* CDVConnection.h */,
				B6E493EA99584423BA950584 /* CDVReachability.h */,
				D864A3F0BC10446B97A27D55 /* CDVStatusBar.m */,
				B83BF8B8356548D3826252A8 /* CDVStatusBar.h */,
				2FFF29F554544128A2F55B99 /* SocialSharing.m */,
				66BFDB96B43849A1A9ED9E9A /* SocialSharing.h */,
				3042971603374ED0AAC38C73 /* CDVSpinnerDialog.m */,
				264A8C8A046E4E3AB305EF6F /* CDVSpinnerDialog.h */,
				555F50CACDB4430D9CF9FD36 /* IonicKeyboard.m */,
				837DD1E2544347B0B994F84A /* UIWebViewExtension.m */,
				D9C6409CCFF7491C89CCF732 /* IonicKeyboard.h */,
				F2BDA3B3609A49D0B21802FF /* UIWebViewExtension.h */,
				E7A6550C8A0545259B2C19C7 /* AppDelegate+notification.m */,
				AB8F3655F2F24C548909C17D /* PushPlugin.m */,
				170916B991A54D10B8F1CD8F /* AppDelegate+notification.h */,
				37EA61EE14174432BDFC385D /* PushPlugin.h */,
				3A727A416A6D47E3BB5325B6 /* GGLInstanceID.h */,
				F1448548285E4E0EA085FBAF /* GGLInstanceIDConfig.h */,
				C281B494A95E49089DF4187F /* GGLInstanceIDDelegate.h */,
				0523DED50A484E8486CE411F /* GGLInstanceIDHeaders.h */,
				257C5005EDAD480D95FEB999 /* CloudMessaging.h */,
				39C10C24878E4CABBFBE9C39 /* GGLContext+CloudMessaging.h */,
				D65A947A5BAA4EE1B7DEEC32 /* Core.h */,
				2FF74FE5030E4B40BACE8B59 /* GGLConfiguration.h */,
				636B0D2E291E427790E1D37A /* GGLContext.h */,
				96B7E83167014AC1A0C48CFE /* GGLErrorCode.h */,
				B9E3EB743FDF4244B1AA5C4D /* GCMConfig.h */,
				F6BC8206B42946DFB767F28B /* GCMPubSub.h */,
				A52991C3AC314CA68B30683C /* GCMReceiverDelegate.h */,
				45194A5EAB674F0196621CE6 /* GCMService.h */,
				AD174FBDBD314B259E42EAF9 /* GoogleCloudMessaging.h */,
				DF1F14A14DF8408492BFF1E6 /* HockeyApp.m */,
				788817BEACA34E109B153B2F /* HockeyApp.h */,
			);
			name = Plugins;
			path = "We Are Curious/Plugins";
			sourceTree = SOURCE_ROOT;
		};
		308D052D1370CCF300D202BF /* icons */ = {
			isa = PBXGroup;
			children = (
				30C1856519D5FC0A00212699 /* icon-60@3x.png */,
				7E7966D41810823500FA85AD /* icon-40.png */,
				7E7966D51810823500FA85AD /* icon-40@2x.png */,
				7E7966D61810823500FA85AD /* icon-50.png */,
				7E7966D71810823500FA85AD /* icon-50@2x.png */,
				7E7966D81810823500FA85AD /* icon-60.png */,
				7E7966D91810823500FA85AD /* icon-60@2x.png */,
				7E7966DA1810823500FA85AD /* icon-76.png */,
				7E7966DB1810823500FA85AD /* icon-76@2x.png */,
				7E7966DC1810823500FA85AD /* icon-small.png */,
				7E7966DD1810823500FA85AD /* icon-small@2x.png */,
				30FC414816E50CA1004E6F35 /* icon-72@2x.png */,
				308D052E1370CCF300D202BF /* icon-72.png */,
				308D052F1370CCF300D202BF /* icon.png */,
				308D05301370CCF300D202BF /* icon@2x.png */,
			);
			path = icons;
			sourceTree = "<group>";
		};
		308D05311370CCF300D202BF /* splash */ = {
			isa = PBXGroup;
			children = (
				30B4F2FD19D5E07200D9F7D8 /* Default-667h.png */,
				30B4F2FE19D5E07200D9F7D8 /* Default-736h.png */,
				30B4F2FF19D5E07200D9F7D8 /* Default-Landscape-736h.png */,
				D4A0D8751607E02300AEF8BB /* Default-568h@2x~iphone.png */,
				3088BBB7154F3926009F9C59 /* Default-Landscape@2x~ipad.png */,
				3088BBB8154F3926009F9C59 /* Default-Landscape~ipad.png */,
				3088BBB9154F3926009F9C59 /* Default-Portrait@2x~ipad.png */,
				3088BBBA154F3926009F9C59 /* Default-Portrait~ipad.png */,
				3088BBBB154F3926009F9C59 /* Default@2x~iphone.png */,
				3088BBBC154F3926009F9C59 /* Default~iphone.png */,
			);
			path = splash;
			sourceTree = "<group>";
		};
		EB87FDF11871DA420020F90C /* Staging */ = {
			isa = PBXGroup;
			children = (
				F840E1F0165FE0F500CFE078 /* config.xml */,
				301BF56E109A69640062928A /* www */,
			);
			name = Staging;
			sourceTree = "<group>";
		};
/* End PBXGroup section */

/* Begin PBXNativeTarget section */
		1D6058900D05DD3D006BFB54 /* We Are Curious */ = {
			isa = PBXNativeTarget;
			buildConfigurationList = 1D6058960D05DD3E006BFB54 /* Build configuration list for PBXNativeTarget "We Are Curious" */;
			buildPhases = (
				304B58A110DAC018002A0835 /* Copy www directory */,
				1D60588D0D05DD3D006BFB54 /* Resources */,
				1D60588E0D05DD3D006BFB54 /* Sources */,
				1D60588F0D05DD3D006BFB54 /* Frameworks */,
			);
			buildRules = (
			);
			dependencies = (
				301BF551109A68C00062928A /* PBXTargetDependency */,
			);
			name = "We Are Curious";
			productName = "We Are Curious";
			productReference = 1D6058910D05DD3D006BFB54 /* We Are Curious.app */;
			productType = "com.apple.product-type.application";
		};
/* End PBXNativeTarget section */

/* Begin PBXProject section */
		29B97313FDCFA39411CA2CEA /* Project object */ = {
			isa = PBXProject;
			attributes = {
				LastUpgradeCheck = 510;
			};
			buildConfigurationList = C01FCF4E08A954540054247B /* Build configuration list for PBXProject "We Are Curious" */;
			compatibilityVersion = "Xcode 3.2";
			developmentRegion = English;
			hasScannedForEncodings = 1;
			knownRegions = (
				English,
				Japanese,
				French,
				German,
				en,
				es,
				de,
				se,
			);
			mainGroup = 29B97314FDCFA39411CA2CEA /* CustomTemplate */;
			projectDirPath = "";
			projectReferences = (
				{
					ProductGroup = 301BF52E109A57CC0062928A /* Products */;
					ProjectRef = 301BF52D109A57CC0062928A /* CordovaLib.xcodeproj */;
				},
			);
			projectRoot = "";
			targets = (
				1D6058900D05DD3D006BFB54 /* We Are Curious */,
			);
		};
/* End PBXProject section */

/* Begin PBXReferenceProxy section */
		301BF535109A57CC0062928A /* libCordova.a */ = {
			isa = PBXReferenceProxy;
			fileType = archive.ar;
			path = libCordova.a;
			remoteRef = 301BF534109A57CC0062928A /* PBXContainerItemProxy */;
			sourceTree = BUILT_PRODUCTS_DIR;
		};
/* End PBXReferenceProxy section */

/* Begin PBXResourcesBuildPhase section */
		1D60588D0D05DD3D006BFB54 /* Resources */ = {
			isa = PBXResourcesBuildPhase;
			buildActionMask = 2147483647;
			files = (
				7E7966E41810823500FA85AD /* icon-76.png in Resources */,
				7E7966DF1810823500FA85AD /* icon-40@2x.png in Resources */,
				308D05371370CCF300D202BF /* icon-72.png in Resources */,
				30B4F30119D5E07200D9F7D8 /* Default-736h.png in Resources */,
				308D05381370CCF300D202BF /* icon.png in Resources */,
				308D05391370CCF300D202BF /* icon@2x.png in Resources */,
				302D95F214D2391D003F00A1 /* MainViewController.xib in Resources */,
				7E7966E01810823500FA85AD /* icon-50.png in Resources */,
				7E7966E31810823500FA85AD /* icon-60@2x.png in Resources */,
				7E7966E61810823500FA85AD /* icon-small.png in Resources */,
				3088BBBD154F3926009F9C59 /* Default-Landscape@2x~ipad.png in Resources */,
				3088BBBE154F3926009F9C59 /* Default-Landscape~ipad.png in Resources */,
				3088BBBF154F3926009F9C59 /* Default-Portrait@2x~ipad.png in Resources */,
				7E7966E71810823500FA85AD /* icon-small@2x.png in Resources */,
				3088BBC0154F3926009F9C59 /* Default-Portrait~ipad.png in Resources */,
				30B4F30019D5E07200D9F7D8 /* Default-667h.png in Resources */,
				7E7966DE1810823500FA85AD /* icon-40.png in Resources */,
				3088BBC1154F3926009F9C59 /* Default@2x~iphone.png in Resources */,
				7E7966E21810823500FA85AD /* icon-60.png in Resources */,
				3088BBC2154F3926009F9C59 /* Default~iphone.png in Resources */,
				D4A0D8761607E02300AEF8BB /* Default-568h@2x~iphone.png in Resources */,
				30B4F30219D5E07200D9F7D8 /* Default-Landscape-736h.png in Resources */,
				30C1856619D5FC0A00212699 /* icon-60@3x.png in Resources */,
				7E7966E11810823500FA85AD /* icon-50@2x.png in Resources */,
				7E7966E51810823500FA85AD /* icon-76@2x.png in Resources */,
				30FC414916E50CA1004E6F35 /* icon-72@2x.png in Resources */,
				72EC49C10A574D6BBAB12252 /* HockeySDKResources.bundle in Resources */,
				163AC21521A64D869AE28ADC /* HockeySDK.xcconfig in Resources */,
			);
			runOnlyForDeploymentPostprocessing = 0;
		};
/* End PBXResourcesBuildPhase section */

/* Begin PBXShellScriptBuildPhase section */
		304B58A110DAC018002A0835 /* Copy www directory */ = {
			isa = PBXShellScriptBuildPhase;
			buildActionMask = 2147483647;
			files = (
			);
			inputPaths = (
			);
			name = "Copy www directory";
			outputPaths = (
			);
			runOnlyForDeploymentPostprocessing = 0;
			shellPath = /bin/sh;
			shellScript = "NODEJS_PATH=/usr/local/bin; NVM_NODE_PATH=~/.nvm/versions/node/`nvm version 2>/dev/null`/bin; N_NODE_PATH=`find /usr/local/n/versions/node/* -maxdepth 0 -type d 2>/dev/null | tail -1`/bin; XCODE_NODE_PATH=`xcode-select --print-path`/usr/share/xcs/Node/bin; PATH=$NODEJS_PATH:$NVM_NODE_PATH:$N_NODE_PATH:$XCODE_NODE_PATH:$PATH && node cordova/lib/copy-www-build-step.js";
			showEnvVarsInLog = 0;
		};
/* End PBXShellScriptBuildPhase section */

/* Begin PBXSourcesBuildPhase section */
		1D60588E0D05DD3D006BFB54 /* Sources */ = {
			isa = PBXSourcesBuildPhase;
			buildActionMask = 2147483647;
			files = (
				1D60589B0D05DD56006BFB54 /* main.m in Sources */,
				1D3623260D0F684500981E51 /* AppDelegate.m in Sources */,
				302D95F114D2391D003F00A1 /* MainViewController.m in Sources */,
				1F9D6A5FB16847A8B1768B72 /* CDVDevice.m in Sources */,
				C6B53FCB8DAE4C77A864B354 /* CDVInAppBrowser.m in Sources */,
				50460853BA3346D2B2AAC583 /* CDVConnection.m in Sources */,
				C0A78D8FC29D443AABB3688E /* CDVReachability.m in Sources */,
				3CFDE45A196A46BFB41AA195 /* CDVStatusBar.m in Sources */,
				6EA74EC22FC548FB8446431D /* SocialSharing.m in Sources */,
				B82B598050F94801A9E7F086 /* CDVSpinnerDialog.m in Sources */,
				03CE1FAA4D244468BCF5169C /* IonicKeyboard.m in Sources */,
				CAFFFD12FE694488A3605821 /* UIWebViewExtension.m in Sources */,
				C841F20C229A4F398FBC35BE /* AppDelegate+notification.m in Sources */,
				81173B91B2F7456D825E3F89 /* PushPlugin.m in Sources */,
				54B65AB1DCAB48FE938825C5 /* HockeyApp.m in Sources */,
			);
			runOnlyForDeploymentPostprocessing = 0;
		};
/* End PBXSourcesBuildPhase section */

/* Begin PBXTargetDependency section */
		301BF551109A68C00062928A /* PBXTargetDependency */ = {
			isa = PBXTargetDependency;
			name = CordovaLib;
			targetProxy = 301BF550109A68C00062928A /* PBXContainerItemProxy */;
		};
/* End PBXTargetDependency section */

/* Begin XCBuildConfiguration section */
		1D6058940D05DD3E006BFB54 /* Debug */ = {
			isa = XCBuildConfiguration;
			buildSettings = {
				ALWAYS_SEARCH_USER_PATHS = NO;
				CLANG_ENABLE_OBJC_ARC = YES;
				COPY_PHASE_STRIP = NO;
				ENABLE_BITCODE = NO;
				FRAMEWORK_SEARCH_PATHS = (
					"$(inherited)",
					"\"We Are Curious/Plugins/cordova-plugin-hockeyapp\"",
					"\"We Are Curious/Plugins/cordova-plugin-hockeyapp\"",
				);
				GCC_DYNAMIC_NO_PIC = NO;
				GCC_OPTIMIZATION_LEVEL = 0;
				GCC_PRECOMPILE_PREFIX_HEADER = YES;
				GCC_PREFIX_HEADER = "We Are Curious/We Are Curious-Prefix.pch";
				GCC_THUMB_SUPPORT = NO;
				GCC_VERSION = "";
				INFOPLIST_FILE = "We Are Curious/We Are Curious-Info.plist";
				IPHONEOS_DEPLOYMENT_TARGET = 6.0;
				LIBRARY_SEARCH_PATHS = (
					"$(inherited)",
					"\"$(SRCROOT)/We Are Curious/Plugins/phonegap-plugin-push/GCM/Libraries\"",
					"\"$(SRCROOT)/We Are Curious/Plugins/phonegap-plugin-push/GCM/Libraries\"",
					"\"$(SRCROOT)/We Are Curious/Plugins/phonegap-plugin-push/GCM/Libraries\"",
					"\"$(SRCROOT)/We Are Curious/Plugins/phonegap-plugin-push/GCM/Libraries\"",
					"\"$(SRCROOT)/We Are Curious/Plugins/phonegap-plugin-push/GCM/Libraries\"",
					"\"$(SRCROOT)/We Are Curious/Plugins/phonegap-plugin-push/GCM/Libraries\"",
					"\"$(SRCROOT)/We Are Curious/Plugins/phonegap-plugin-push/GCM/Libraries\"",
					"\"$(SRCROOT)/We Are Curious/Plugins/phonegap-plugin-push/GCM/Libraries\"",
					"\"$(SRCROOT)/We Are Curious/Plugins/phonegap-plugin-push/GCM/Libraries\"",
					"\"$(SRCROOT)/We Are Curious/Plugins/phonegap-plugin-push/GCM/Libraries\"",
					"\"$(SRCROOT)/We Are Curious/Plugins/phonegap-plugin-push/GCM/Libraries\"",
					"\"$(SRCROOT)/We Are Curious/Plugins/phonegap-plugin-push/GCM/Libraries\"",
					"\"$(SRCROOT)/We Are Curious/Plugins/phonegap-plugin-push/GCM/Libraries\"",
					"\"$(SRCROOT)/We Are Curious/Plugins/phonegap-plugin-push/GCM/Libraries\"",
					"\"$(SRCROOT)/We Are Curious/Plugins/phonegap-plugin-push/GCM/Libraries\"",
					"\"$(SRCROOT)/We Are Curious/Plugins/phonegap-plugin-push/GCM/Libraries\"",
					"\"$(SRCROOT)/We Are Curious/Plugins/phonegap-plugin-push/GCM/Libraries\"",
					"\"$(SRCROOT)/We Are Curious/Plugins/phonegap-plugin-push/GCM/Libraries\"",
					"\"$(SRCROOT)/We Are Curious/Plugins/phonegap-plugin-push/GCM/Libraries\"",
					"\"$(SRCROOT)/We Are Curious/Plugins/phonegap-plugin-push/GCM/Libraries\"",
					"\"$(SRCROOT)/We Are Curious/Plugins/phonegap-plugin-push/GCM/Libraries\"",
					"\"$(SRCROOT)/We Are Curious/Plugins/phonegap-plugin-push/GCM/Libraries\"",
					"\"$(SRCROOT)/We Are Curious/Plugins/phonegap-plugin-push/GCM/Libraries\"",
					"\"$(SRCROOT)/We Are Curious/Plugins/phonegap-plugin-push/GCM/Libraries\"",
					"\"$(SRCROOT)/We Are Curious/Plugins/phonegap-plugin-push/GCM/Libraries\"",
					"\"$(SRCROOT)/We Are Curious/Plugins/phonegap-plugin-push/GCM/Libraries\"",
				);
				OTHER_LDFLAGS = (
					"-weak_framework",
					CoreFoundation,
					"-weak_framework",
					UIKit,
					"-weak_framework",
					AVFoundation,
					"-weak_framework",
					CoreMedia,
					"-weak-lSystem",
					"-ObjC",
				);
				PRODUCT_NAME = "We Are Curious";
				TARGETED_DEVICE_FAMILY = "1,2";
			};
			name = Debug;
		};
		1D6058950D05DD3E006BFB54 /* Release */ = {
			isa = XCBuildConfiguration;
			buildSettings = {
				ALWAYS_SEARCH_USER_PATHS = NO;
				CLANG_ENABLE_OBJC_ARC = YES;
				COPY_PHASE_STRIP = YES;
				ENABLE_BITCODE = NO;
				FRAMEWORK_SEARCH_PATHS = (
					"$(inherited)",
					"\"We Are Curious/Plugins/cordova-plugin-hockeyapp\"",
					"\"We Are Curious/Plugins/cordova-plugin-hockeyapp\"",
				);
				GCC_PRECOMPILE_PREFIX_HEADER = YES;
				GCC_PREFIX_HEADER = "We Are Curious/We Are Curious-Prefix.pch";
				GCC_THUMB_SUPPORT = NO;
				GCC_VERSION = "";
				INFOPLIST_FILE = "We Are Curious/We Are Curious-Info.plist";
				IPHONEOS_DEPLOYMENT_TARGET = 6.0;
				LIBRARY_SEARCH_PATHS = (
					"$(inherited)",
					"\"$(SRCROOT)/We Are Curious/Plugins/phonegap-plugin-push/GCM/Libraries\"",
					"\"$(SRCROOT)/We Are Curious/Plugins/phonegap-plugin-push/GCM/Libraries\"",
					"\"$(SRCROOT)/We Are Curious/Plugins/phonegap-plugin-push/GCM/Libraries\"",
					"\"$(SRCROOT)/We Are Curious/Plugins/phonegap-plugin-push/GCM/Libraries\"",
					"\"$(SRCROOT)/We Are Curious/Plugins/phonegap-plugin-push/GCM/Libraries\"",
					"\"$(SRCROOT)/We Are Curious/Plugins/phonegap-plugin-push/GCM/Libraries\"",
					"\"$(SRCROOT)/We Are Curious/Plugins/phonegap-plugin-push/GCM/Libraries\"",
					"\"$(SRCROOT)/We Are Curious/Plugins/phonegap-plugin-push/GCM/Libraries\"",
					"\"$(SRCROOT)/We Are Curious/Plugins/phonegap-plugin-push/GCM/Libraries\"",
					"\"$(SRCROOT)/We Are Curious/Plugins/phonegap-plugin-push/GCM/Libraries\"",
					"\"$(SRCROOT)/We Are Curious/Plugins/phonegap-plugin-push/GCM/Libraries\"",
					"\"$(SRCROOT)/We Are Curious/Plugins/phonegap-plugin-push/GCM/Libraries\"",
					"\"$(SRCROOT)/We Are Curious/Plugins/phonegap-plugin-push/GCM/Libraries\"",
					"\"$(SRCROOT)/We Are Curious/Plugins/phonegap-plugin-push/GCM/Libraries\"",
					"\"$(SRCROOT)/We Are Curious/Plugins/phonegap-plugin-push/GCM/Libraries\"",
					"\"$(SRCROOT)/We Are Curious/Plugins/phonegap-plugin-push/GCM/Libraries\"",
					"\"$(SRCROOT)/We Are Curious/Plugins/phonegap-plugin-push/GCM/Libraries\"",
					"\"$(SRCROOT)/We Are Curious/Plugins/phonegap-plugin-push/GCM/Libraries\"",
					"\"$(SRCROOT)/We Are Curious/Plugins/phonegap-plugin-push/GCM/Libraries\"",
					"\"$(SRCROOT)/We Are Curious/Plugins/phonegap-plugin-push/GCM/Libraries\"",
					"\"$(SRCROOT)/We Are Curious/Plugins/phonegap-plugin-push/GCM/Libraries\"",
					"\"$(SRCROOT)/We Are Curious/Plugins/phonegap-plugin-push/GCM/Libraries\"",
					"\"$(SRCROOT)/We Are Curious/Plugins/phonegap-plugin-push/GCM/Libraries\"",
					"\"$(SRCROOT)/We Are Curious/Plugins/phonegap-plugin-push/GCM/Libraries\"",
					"\"$(SRCROOT)/We Are Curious/Plugins/phonegap-plugin-push/GCM/Libraries\"",
					"\"$(SRCROOT)/We Are Curious/Plugins/phonegap-plugin-push/GCM/Libraries\"",
				);
				OTHER_LDFLAGS = (
					"-weak_framework",
					CoreFoundation,
					"-weak_framework",
					UIKit,
					"-weak_framework",
					AVFoundation,
					"-weak_framework",
					CoreMedia,
					"-weak-lSystem",
					"-ObjC",
				);
				PRODUCT_NAME = "We Are Curious";
				TARGETED_DEVICE_FAMILY = "1,2";
			};
			name = Release;
		};
		C01FCF4F08A954540054247B /* Debug */ = {
			isa = XCBuildConfiguration;
			buildSettings = {
				CLANG_ENABLE_OBJC_ARC = YES;
				CLANG_WARN_BOOL_CONVERSION = YES;
				CLANG_WARN_CONSTANT_CONVERSION = YES;
				CLANG_WARN_EMPTY_BODY = YES;
				CLANG_WARN_ENUM_CONVERSION = YES;
				CLANG_WARN_INT_CONVERSION = YES;
				CLANG_WARN__DUPLICATE_METHOD_MATCH = YES;
				"CODE_SIGN_IDENTITY[sdk=iphoneos*]" = "iPhone Developer";
				ENABLE_BITCODE = NO;
				GCC_C_LANGUAGE_STANDARD = c99;
				GCC_THUMB_SUPPORT = NO;
				GCC_VERSION = "";
				GCC_WARN_ABOUT_RETURN_TYPE = YES;
				GCC_WARN_UNDECLARED_SELECTOR = YES;
				GCC_WARN_UNINITIALIZED_AUTOS = YES;
				GCC_WARN_UNUSED_FUNCTION = YES;
				GCC_WARN_UNUSED_VARIABLE = YES;
				HEADER_SEARCH_PATHS = (
					"\"$(TARGET_BUILD_DIR)/usr/local/lib/include\"",
					"\"$(OBJROOT)/UninstalledProducts/include\"",
					"\"$(BUILT_PRODUCTS_DIR)\"",
				);
				IPHONEOS_DEPLOYMENT_TARGET = 6.0;
				ONLY_ACTIVE_ARCH = YES;
				OTHER_LDFLAGS = (
					"-weak_framework",
					CoreFoundation,
					"-weak_framework",
					UIKit,
					"-weak_framework",
					AVFoundation,
					"-weak_framework",
					CoreMedia,
					"-weak-lSystem",
					"-ObjC",
				);
				SDKROOT = iphoneos;
				SKIP_INSTALL = NO;
				USER_HEADER_SEARCH_PATHS = "";
			};
			name = Debug;
		};
		C01FCF5008A954540054247B /* Release */ = {
			isa = XCBuildConfiguration;
			buildSettings = {
				CLANG_ENABLE_OBJC_ARC = YES;
				CLANG_WARN_BOOL_CONVERSION = YES;
				CLANG_WARN_CONSTANT_CONVERSION = YES;
				CLANG_WARN_EMPTY_BODY = YES;
				CLANG_WARN_ENUM_CONVERSION = YES;
				CLANG_WARN_INT_CONVERSION = YES;
				CLANG_WARN__DUPLICATE_METHOD_MATCH = YES;
				"CODE_SIGN_IDENTITY[sdk=iphoneos*]" = "iPhone Developer";
				ENABLE_BITCODE = NO;
				GCC_C_LANGUAGE_STANDARD = c99;
				GCC_THUMB_SUPPORT = NO;
				GCC_VERSION = "";
				GCC_WARN_ABOUT_RETURN_TYPE = YES;
				GCC_WARN_UNDECLARED_SELECTOR = YES;
				GCC_WARN_UNINITIALIZED_AUTOS = YES;
				GCC_WARN_UNUSED_FUNCTION = YES;
				GCC_WARN_UNUSED_VARIABLE = YES;
				HEADER_SEARCH_PATHS = (
					"\"$(TARGET_BUILD_DIR)/usr/local/lib/include\"",
					"\"$(OBJROOT)/UninstalledProducts/include\"",
					"\"$(BUILT_PRODUCTS_DIR)\"",
					"\"$(OBJROOT)/UninstalledProducts/$(PLATFORM_NAME)/include\"",
				);
				IPHONEOS_DEPLOYMENT_TARGET = 6.0;
				OTHER_LDFLAGS = (
					"-weak_framework",
					CoreFoundation,
					"-weak_framework",
					UIKit,
					"-weak_framework",
					AVFoundation,
					"-weak_framework",
					CoreMedia,
					"-weak-lSystem",
					"-ObjC",
				);
				SDKROOT = iphoneos;
				SKIP_INSTALL = NO;
				USER_HEADER_SEARCH_PATHS = "";
			};
			name = Release;
		};
/* End XCBuildConfiguration section */

/* Begin XCConfigurationList section */
		1D6058960D05DD3E006BFB54 /* Build configuration list for PBXNativeTarget "We Are Curious" */ = {
			isa = XCConfigurationList;
			buildConfigurations = (
				1D6058940D05DD3E006BFB54 /* Debug */,
				1D6058950D05DD3E006BFB54 /* Release */,
			);
			defaultConfigurationIsVisible = 0;
			defaultConfigurationName = Release;
		};
		C01FCF4E08A954540054247B /* Build configuration list for PBXProject "We Are Curious" */ = {
			isa = XCConfigurationList;
			buildConfigurations = (
				C01FCF4F08A954540054247B /* Debug */,
				C01FCF5008A954540054247B /* Release */,
			);
			defaultConfigurationIsVisible = 0;
			defaultConfigurationName = Release;
		};
/* End XCConfigurationList section */
	};
	rootObject = 29B97313FDCFA39411CA2CEA /* Project object */;
}
